// !$*UTF8*$!
{
	archiveVersion = 1;
	classes = {
	};
	objectVersion = 56;
	objects = {

/* Begin PBXBuildFile section */
		22B7D0CA2B3F06960055B57B /* AppDelegate.swift in Sources */ = {isa = PBXBuildFile; fileRef = 22B7D0C92B3F06960055B57B /* AppDelegate.swift */; };
		22B7D0CE2B3F06960055B57B /* ViewController.swift in Sources */ = {isa = PBXBuildFile; fileRef = 22B7D0CD2B3F06960055B57B /* ViewController.swift */; };
		22B7D0D12B3F06960055B57B /* Main.storyboard in Resources */ = {isa = PBXBuildFile; fileRef = 22B7D0CF2B3F06960055B57B /* Main.storyboard */; };
		22B7D0D32B3F06980055B57B /* Assets.xcassets in Resources */ = {isa = PBXBuildFile; fileRef = 22B7D0D22B3F06980055B57B /* Assets.xcassets */; };
		22B7D0D62B3F06980055B57B /* LaunchScreen.storyboard in Resources */ = {isa = PBXBuildFile; fileRef = 22B7D0D42B3F06980055B57B /* LaunchScreen.storyboard */; };
		22B7D0E12B3F0DE70055B57B /* MostPopular.swift in Sources */ = {isa = PBXBuildFile; fileRef = 22B7D0E02B3F0DE70055B57B /* MostPopular.swift */; };
		22B7D0E92B4091080055B57B /* MainViewController.swift in Sources */ = {isa = PBXBuildFile; fileRef = 22B7D0E82B4091080055B57B /* MainViewController.swift */; };
		22B7D0EC2B4092C70055B57B /* MostPopularTableViewCell.swift in Sources */ = {isa = PBXBuildFile; fileRef = 22B7D0EA2B4092C70055B57B /* MostPopularTableViewCell.swift */; };
		22B7D0ED2B4092C70055B57B /* MostPopularTableViewCell.xib in Resources */ = {isa = PBXBuildFile; fileRef = 22B7D0EB2B4092C70055B57B /* MostPopularTableViewCell.xib */; };
		22B7D0EF2B4095AE0055B57B /* MostPopularTableViewCellModel.swift in Sources */ = {isa = PBXBuildFile; fileRef = 22B7D0EE2B4095AE0055B57B /* MostPopularTableViewCellModel.swift */; };
		22B7D0F32B40986D0055B57B /* MainViewControllerViewModel.swift in Sources */ = {isa = PBXBuildFile; fileRef = 22B7D0F22B40986D0055B57B /* MainViewControllerViewModel.swift */; };
		22B7D0F52B4098F80055B57B /* NetworkManager.swift in Sources */ = {isa = PBXBuildFile; fileRef = 22B7D0F42B4098F80055B57B /* NetworkManager.swift */; };
		22B7D0F72B409BD20055B57B /* MainViewControllerService.swift in Sources */ = {isa = PBXBuildFile; fileRef = 22B7D0F62B409BD20055B57B /* MainViewControllerService.swift */; };
		84E5B89393DD5AAB06B0CB0A /* Pods_Demo.framework in Frameworks */ = {isa = PBXBuildFile; fileRef = 914A43892310CEE2FECADADE /* Pods_Demo.framework */; };
/* End PBXBuildFile section */

/* Begin PBXFileReference section */
		22B7D0C62B3F06960055B57B /* Demo.app */ = {isa = PBXFileReference; explicitFileType = wrapper.application; includeInIndex = 0; path = Demo.app; sourceTree = BUILT_PRODUCTS_DIR; };
		22B7D0C92B3F06960055B57B /* AppDelegate.swift */ = {isa = PBXFileReference; lastKnownFileType = sourcecode.swift; path = AppDelegate.swift; sourceTree = "<group>"; };
		22B7D0CD2B3F06960055B57B /* ViewController.swift */ = {isa = PBXFileReference; lastKnownFileType = sourcecode.swift; path = ViewController.swift; sourceTree = "<group>"; };
		22B7D0D02B3F06960055B57B /* Base */ = {isa = PBXFileReference; lastKnownFileType = file.storyboard; name = Base; path = Base.lproj/Main.storyboard; sourceTree = "<group>"; };
		22B7D0D22B3F06980055B57B /* Assets.xcassets */ = {isa = PBXFileReference; lastKnownFileType = folder.assetcatalog; path = Assets.xcassets; sourceTree = "<group>"; };
		22B7D0D52B3F06980055B57B /* Base */ = {isa = PBXFileReference; lastKnownFileType = file.storyboard; name = Base; path = Base.lproj/LaunchScreen.storyboard; sourceTree = "<group>"; };
		22B7D0D72B3F06980055B57B /* Info.plist */ = {isa = PBXFileReference; lastKnownFileType = text.plist.xml; path = Info.plist; sourceTree = "<group>"; };
		22B7D0E02B3F0DE70055B57B /* MostPopular.swift */ = {isa = PBXFileReference; lastKnownFileType = sourcecode.swift; path = MostPopular.swift; sourceTree = "<group>"; };
		22B7D0E82B4091080055B57B /* MainViewController.swift */ = {isa = PBXFileReference; lastKnownFileType = sourcecode.swift; path = MainViewController.swift; sourceTree = "<group>"; };
		22B7D0EA2B4092C70055B57B /* MostPopularTableViewCell.swift */ = {isa = PBXFileReference; lastKnownFileType = sourcecode.swift; path = MostPopularTableViewCell.swift; sourceTree = "<group>"; };
		22B7D0EB2B4092C70055B57B /* MostPopularTableViewCell.xib */ = {isa = PBXFileReference; lastKnownFileType = file.xib; path = MostPopularTableViewCell.xib; sourceTree = "<group>"; };
		22B7D0EE2B4095AE0055B57B /* MostPopularTableViewCellModel.swift */ = {isa = PBXFileReference; lastKnownFileType = sourcecode.swift; path = MostPopularTableViewCellModel.swift; sourceTree = "<group>"; };
		22B7D0F22B40986D0055B57B /* MainViewControllerViewModel.swift */ = {isa = PBXFileReference; lastKnownFileType = sourcecode.swift; path = MainViewControllerViewModel.swift; sourceTree = "<group>"; };
		22B7D0F42B4098F80055B57B /* NetworkManager.swift */ = {isa = PBXFileReference; lastKnownFileType = sourcecode.swift; path = NetworkManager.swift; sourceTree = "<group>"; };
		22B7D0F62B409BD20055B57B /* MainViewControllerService.swift */ = {isa = PBXFileReference; lastKnownFileType = sourcecode.swift; path = MainViewControllerService.swift; sourceTree = "<group>"; };
		5B2B669CC92E2F76E54384BC /* Pods-Demo.debug.xcconfig */ = {isa = PBXFileReference; includeInIndex = 1; lastKnownFileType = text.xcconfig; name = "Pods-Demo.debug.xcconfig"; path = "Target Support Files/Pods-Demo/Pods-Demo.debug.xcconfig"; sourceTree = "<group>"; };
		679B8BA650660CDA8DC5F85A /* Pods-Demo.release.xcconfig */ = {isa = PBXFileReference; includeInIndex = 1; lastKnownFileType = text.xcconfig; name = "Pods-Demo.release.xcconfig"; path = "Target Support Files/Pods-Demo/Pods-Demo.release.xcconfig"; sourceTree = "<group>"; };
		914A43892310CEE2FECADADE /* Pods_Demo.framework */ = {isa = PBXFileReference; explicitFileType = wrapper.framework; includeInIndex = 0; path = Pods_Demo.framework; sourceTree = BUILT_PRODUCTS_DIR; };
/* End PBXFileReference section */

/* Begin PBXFrameworksBuildPhase section */
		22B7D0C32B3F06960055B57B /* Frameworks */ = {
			isa = PBXFrameworksBuildPhase;
			buildActionMask = 2147483647;
			files = (
				84E5B89393DD5AAB06B0CB0A /* Pods_Demo.framework in Frameworks */,
			);
			runOnlyForDeploymentPostprocessing = 0;
		};
/* End PBXFrameworksBuildPhase section */

/* Begin PBXGroup section */
		22B7D0BD2B3F06960055B57B = {
			isa = PBXGroup;
			children = (
				22B7D0C82B3F06960055B57B /* Demo */,
				22B7D0C72B3F06960055B57B /* Products */,
				4FF8BC1E4F233899CC4B9E0D /* Pods */,
				23822FBE46ADFA041D047B42 /* Frameworks */,
			);
			sourceTree = "<group>";
		};
		22B7D0C72B3F06960055B57B /* Products */ = {
			isa = PBXGroup;
			children = (
				22B7D0C62B3F06960055B57B /* Demo.app */,
			);
			name = Products;
			sourceTree = "<group>";
		};
		22B7D0C82B3F06960055B57B /* Demo */ = {
			isa = PBXGroup;
			children = (
				22B7D0E32B40904A0055B57B /* NetworkManager */,
				22B7D0E42B40904A0055B57B /* Screens */,
				22B7D0DD2B3F0DD50055B57B /* Models */,
				22B7D0C92B3F06960055B57B /* AppDelegate.swift */,
				22B7D0CD2B3F06960055B57B /* ViewController.swift */,
				22B7D0CF2B3F06960055B57B /* Main.storyboard */,
				22B7D0D22B3F06980055B57B /* Assets.xcassets */,
				22B7D0D42B3F06980055B57B /* LaunchScreen.storyboard */,
				22B7D0D72B3F06980055B57B /* Info.plist */,
			);
			path = Demo;
			sourceTree = "<group>";
		};
		22B7D0DD2B3F0DD50055B57B /* Models */ = {
			isa = PBXGroup;
			children = (
				22B7D0E02B3F0DE70055B57B /* MostPopular.swift */,
			);
			path = Models;
			sourceTree = "<group>";
		};
		22B7D0E32B40904A0055B57B /* NetworkManager */ = {
			isa = PBXGroup;
			children = (
				22B7D0F42B4098F80055B57B /* NetworkManager.swift */,
			);
			path = NetworkManager;
			sourceTree = "<group>";
		};
		22B7D0E42B40904A0055B57B /* Screens */ = {
			isa = PBXGroup;
			children = (
				22B7D0E52B40904A0055B57B /* DetailView */,
				22B7D0E62B40904A0055B57B /* MainView */,
			);
			path = Screens;
			sourceTree = "<group>";
		};
		22B7D0E52B40904A0055B57B /* DetailView */ = {
			isa = PBXGroup;
			children = (
			);
			path = DetailView;
			sourceTree = "<group>";
		};
		22B7D0E62B40904A0055B57B /* MainView */ = {
			isa = PBXGroup;
			children = (
				22B7D0E72B4090EA0055B57B /* Cells */,
				22B7D0E82B4091080055B57B /* MainViewController.swift */,
				22B7D0F22B40986D0055B57B /* MainViewControllerViewModel.swift */,
				22B7D0F62B409BD20055B57B /* MainViewControllerService.swift */,
			);
			path = MainView;
			sourceTree = "<group>";
		};
		22B7D0E72B4090EA0055B57B /* Cells */ = {
			isa = PBXGroup;
			children = (
				22B7D0EA2B4092C70055B57B /* MostPopularTableViewCell.swift */,
				22B7D0EB2B4092C70055B57B /* MostPopularTableViewCell.xib */,
				22B7D0EE2B4095AE0055B57B /* MostPopularTableViewCellModel.swift */,
			);
			path = Cells;
			sourceTree = "<group>";
		};
		23822FBE46ADFA041D047B42 /* Frameworks */ = {
			isa = PBXGroup;
			children = (
				914A43892310CEE2FECADADE /* Pods_Demo.framework */,
			);
			name = Frameworks;
			sourceTree = "<group>";
		};
		4FF8BC1E4F233899CC4B9E0D /* Pods */ = {
			isa = PBXGroup;
			children = (
				5B2B669CC92E2F76E54384BC /* Pods-Demo.debug.xcconfig */,
				679B8BA650660CDA8DC5F85A /* Pods-Demo.release.xcconfig */,
			);
			path = Pods;
			sourceTree = "<group>";
		};
/* End PBXGroup section */

/* Begin PBXNativeTarget section */
		22B7D0C52B3F06960055B57B /* Demo */ = {
			isa = PBXNativeTarget;
			buildConfigurationList = 22B7D0DA2B3F06980055B57B /* Build configuration list for PBXNativeTarget "Demo" */;
			buildPhases = (
				FD2BBC68619B704B5B80CAC9 /* [CP] Check Pods Manifest.lock */,
				22B7D0C22B3F06960055B57B /* Sources */,
				22B7D0C32B3F06960055B57B /* Frameworks */,
				22B7D0C42B3F06960055B57B /* Resources */,
				47C3250D3FC3724773976428 /* [CP] Embed Pods Frameworks */,
			);
			buildRules = (
			);
			dependencies = (
			);
			name = Demo;
			productName = Demo;
			productReference = 22B7D0C62B3F06960055B57B /* Demo.app */;
			productType = "com.apple.product-type.application";
		};
/* End PBXNativeTarget section */

/* Begin PBXProject section */
		22B7D0BE2B3F06960055B57B /* Project object */ = {
			isa = PBXProject;
			attributes = {
				BuildIndependentTargetsInParallel = 1;
				LastSwiftUpdateCheck = 1500;
				LastUpgradeCheck = 1500;
				TargetAttributes = {
					22B7D0C52B3F06960055B57B = {
						CreatedOnToolsVersion = 15.0.1;
					};
				};
			};
			buildConfigurationList = 22B7D0C12B3F06960055B57B /* Build configuration list for PBXProject "Demo" */;
			compatibilityVersion = "Xcode 14.0";
			developmentRegion = en;
			hasScannedForEncodings = 0;
			knownRegions = (
				en,
				Base,
			);
			mainGroup = 22B7D0BD2B3F06960055B57B;
			productRefGroup = 22B7D0C72B3F06960055B57B /* Products */;
			projectDirPath = "";
			projectRoot = "";
			targets = (
				22B7D0C52B3F06960055B57B /* Demo */,
			);
		};
/* End PBXProject section */

/* Begin PBXResourcesBuildPhase section */
		22B7D0C42B3F06960055B57B /* Resources */ = {
			isa = PBXResourcesBuildPhase;
			buildActionMask = 2147483647;
			files = (
				22B7D0D62B3F06980055B57B /* LaunchScreen.storyboard in Resources */,
				22B7D0D32B3F06980055B57B /* Assets.xcassets in Resources */,
				22B7D0ED2B4092C70055B57B /* MostPopularTableViewCell.xib in Resources */,
				22B7D0D12B3F06960055B57B /* Main.storyboard in Resources */,
			);
			runOnlyForDeploymentPostprocessing = 0;
		};
/* End PBXResourcesBuildPhase section */

/* Begin PBXShellScriptBuildPhase section */
		47C3250D3FC3724773976428 /* [CP] Embed Pods Frameworks */ = {
			isa = PBXShellScriptBuildPhase;
			buildActionMask = 2147483647;
			files = (
			);
			inputFileListPaths = (
				"${PODS_ROOT}/Target Support Files/Pods-Demo/Pods-Demo-frameworks-${CONFIGURATION}-input-files.xcfilelist",
			);
			name = "[CP] Embed Pods Frameworks";
			outputFileListPaths = (
				"${PODS_ROOT}/Target Support Files/Pods-Demo/Pods-Demo-frameworks-${CONFIGURATION}-output-files.xcfilelist",
			);
			runOnlyForDeploymentPostprocessing = 0;
			shellPath = /bin/sh;
			shellScript = "\"${PODS_ROOT}/Target Support Files/Pods-Demo/Pods-Demo-frameworks.sh\"\n";
			showEnvVarsInLog = 0;
		};
		FD2BBC68619B704B5B80CAC9 /* [CP] Check Pods Manifest.lock */ = {
			isa = PBXShellScriptBuildPhase;
			buildActionMask = 2147483647;
			files = (
			);
			inputFileListPaths = (
			);
			inputPaths = (
				"${PODS_PODFILE_DIR_PATH}/Podfile.lock",
				"${PODS_ROOT}/Manifest.lock",
			);
			name = "[CP] Check Pods Manifest.lock";
			outputFileListPaths = (
			);
			outputPaths = (
				"$(DERIVED_FILE_DIR)/Pods-Demo-checkManifestLockResult.txt",
			);
			runOnlyForDeploymentPostprocessing = 0;
			shellPath = /bin/sh;
			shellScript = "diff \"${PODS_PODFILE_DIR_PATH}/Podfile.lock\" \"${PODS_ROOT}/Manifest.lock\" > /dev/null\nif [ $? != 0 ] ; then\n    # print error to STDERR\n    echo \"error: The sandbox is not in sync with the Podfile.lock. Run 'pod install' or update your CocoaPods installation.\" >&2\n    exit 1\nfi\n# This output is used by Xcode 'outputs' to avoid re-running this script phase.\necho \"SUCCESS\" > \"${SCRIPT_OUTPUT_FILE_0}\"\n";
			showEnvVarsInLog = 0;
		};
/* End PBXShellScriptBuildPhase section */

/* Begin PBXSourcesBuildPhase section */
		22B7D0C22B3F06960055B57B /* Sources */ = {
			isa = PBXSourcesBuildPhase;
			buildActionMask = 2147483647;
			files = (
				22B7D0EF2B4095AE0055B57B /* MostPopularTableViewCellModel.swift in Sources */,
				22B7D0EC2B4092C70055B57B /* MostPopularTableViewCell.swift in Sources */,
				22B7D0CE2B3F06960055B57B /* ViewController.swift in Sources */,
				22B7D0F32B40986D0055B57B /* MainViewControllerViewModel.swift in Sources */,
				22B7D0F52B4098F80055B57B /* NetworkManager.swift in Sources */,
				22B7D0E12B3F0DE70055B57B /* MostPopular.swift in Sources */,
				22B7D0CA2B3F06960055B57B /* AppDelegate.swift in Sources */,
				22B7D0E92B4091080055B57B /* MainViewController.swift in Sources */,
				22B7D0F72B409BD20055B57B /* MainViewControllerService.swift in Sources */,
			);
			runOnlyForDeploymentPostprocessing = 0;
		};
/* End PBXSourcesBuildPhase section */

/* Begin PBXVariantGroup section */
		22B7D0CF2B3F06960055B57B /* Main.storyboard */ = {
			isa = PBXVariantGroup;
			children = (
				22B7D0D02B3F06960055B57B /* Base */,
			);
			name = Main.storyboard;
			sourceTree = "<group>";
		};
		22B7D0D42B3F06980055B57B /* LaunchScreen.storyboard */ = {
			isa = PBXVariantGroup;
			children = (
				22B7D0D52B3F06980055B57B /* Base */,
			);
			name = LaunchScreen.storyboard;
			sourceTree = "<group>";
		};
/* End PBXVariantGroup section */

/* Begin XCBuildConfiguration section */
		22B7D0D82B3F06980055B57B /* Debug */ = {
			isa = XCBuildConfiguration;
			buildSettings = {
				ALWAYS_SEARCH_USER_PATHS = NO;
				ASSETCATALOG_COMPILER_GENERATE_SWIFT_ASSET_SYMBOL_EXTENSIONS = YES;
				CLANG_ANALYZER_NONNULL = YES;
				CLANG_ANALYZER_NUMBER_OBJECT_CONVERSION = YES_AGGRESSIVE;
				CLANG_CXX_LANGUAGE_STANDARD = "gnu++20";
				CLANG_ENABLE_MODULES = YES;
				CLANG_ENABLE_OBJC_ARC = YES;
				CLANG_ENABLE_OBJC_WEAK = YES;
				CLANG_WARN_BLOCK_CAPTURE_AUTORELEASING = YES;
				CLANG_WARN_BOOL_CONVERSION = YES;
				CLANG_WARN_COMMA = YES;
				CLANG_WARN_CONSTANT_CONVERSION = YES;
				CLANG_WARN_DEPRECATED_OBJC_IMPLEMENTATIONS = YES;
				CLANG_WARN_DIRECT_OBJC_ISA_USAGE = YES_ERROR;
				CLANG_WARN_DOCUMENTATION_COMMENTS = YES;
				CLANG_WARN_EMPTY_BODY = YES;
				CLANG_WARN_ENUM_CONVERSION = YES;
				CLANG_WARN_INFINITE_RECURSION = YES;
				CLANG_WARN_INT_CONVERSION = YES;
				CLANG_WARN_NON_LITERAL_NULL_CONVERSION = YES;
				CLANG_WARN_OBJC_IMPLICIT_RETAIN_SELF = YES;
				CLANG_WARN_OBJC_LITERAL_CONVERSION = YES;
				CLANG_WARN_OBJC_ROOT_CLASS = YES_ERROR;
				CLANG_WARN_QUOTED_INCLUDE_IN_FRAMEWORK_HEADER = YES;
				CLANG_WARN_RANGE_LOOP_ANALYSIS = YES;
				CLANG_WARN_STRICT_PROTOTYPES = YES;
				CLANG_WARN_SUSPICIOUS_MOVE = YES;
				CLANG_WARN_UNGUARDED_AVAILABILITY = YES_AGGRESSIVE;
				CLANG_WARN_UNREACHABLE_CODE = YES;
				CLANG_WARN__DUPLICATE_METHOD_MATCH = YES;
				COPY_PHASE_STRIP = NO;
				DEBUG_INFORMATION_FORMAT = dwarf;
				ENABLE_STRICT_OBJC_MSGSEND = YES;
				ENABLE_TESTABILITY = YES;
				ENABLE_USER_SCRIPT_SANDBOXING = NO;
				GCC_C_LANGUAGE_STANDARD = gnu17;
				GCC_DYNAMIC_NO_PIC = NO;
				GCC_NO_COMMON_BLOCKS = YES;
				GCC_OPTIMIZATION_LEVEL = 0;
				GCC_PREPROCESSOR_DEFINITIONS = (
					"DEBUG=1",
					"$(inherited)",
				);
				GCC_WARN_64_TO_32_BIT_CONVERSION = YES;
				GCC_WARN_ABOUT_RETURN_TYPE = YES_ERROR;
				GCC_WARN_UNDECLARED_SELECTOR = YES;
				GCC_WARN_UNINITIALIZED_AUTOS = YES_AGGRESSIVE;
				GCC_WARN_UNUSED_FUNCTION = YES;
				GCC_WARN_UNUSED_VARIABLE = YES;
				IPHONEOS_DEPLOYMENT_TARGET = 17.0;
				LOCALIZATION_PREFERS_STRING_CATALOGS = YES;
				MTL_ENABLE_DEBUG_INFO = INCLUDE_SOURCE;
				MTL_FAST_MATH = YES;
				ONLY_ACTIVE_ARCH = YES;
				SDKROOT = iphoneos;
				SWIFT_ACTIVE_COMPILATION_CONDITIONS = "DEBUG $(inherited)";
				SWIFT_OPTIMIZATION_LEVEL = "-Onone";
			};
			name = Debug;
		};
		22B7D0D92B3F06980055B57B /* Release */ = {
			isa = XCBuildConfiguration;
			buildSettings = {
				ALWAYS_SEARCH_USER_PATHS = NO;
				ASSETCATALOG_COMPILER_GENERATE_SWIFT_ASSET_SYMBOL_EXTENSIONS = YES;
				CLANG_ANALYZER_NONNULL = YES;
				CLANG_ANALYZER_NUMBER_OBJECT_CONVERSION = YES_AGGRESSIVE;
				CLANG_CXX_LANGUAGE_STANDARD = "gnu++20";
				CLANG_ENABLE_MODULES = YES;
				CLANG_ENABLE_OBJC_ARC = YES;
				CLANG_ENABLE_OBJC_WEAK = YES;
				CLANG_WARN_BLOCK_CAPTURE_AUTORELEASING = YES;
				CLANG_WARN_BOOL_CONVERSION = YES;
				CLANG_WARN_COMMA = YES;
				CLANG_WARN_CONSTANT_CONVERSION = YES;
				CLANG_WARN_DEPRECATED_OBJC_IMPLEMENTATIONS = YES;
				CLANG_WARN_DIRECT_OBJC_ISA_USAGE = YES_ERROR;
				CLANG_WARN_DOCUMENTATION_COMMENTS = YES;
				CLANG_WARN_EMPTY_BODY = YES;
				CLANG_WARN_ENUM_CONVERSION = YES;
				CLANG_WARN_INFINITE_RECURSION = YES;
				CLANG_WARN_INT_CONVERSION = YES;
				CLANG_WARN_NON_LITERAL_NULL_CONVERSION = YES;
				CLANG_WARN_OBJC_IMPLICIT_RETAIN_SELF = YES;
				CLANG_WARN_OBJC_LITERAL_CONVERSION = YES;
				CLANG_WARN_OBJC_ROOT_CLASS = YES_ERROR;
				CLANG_WARN_QUOTED_INCLUDE_IN_FRAMEWORK_HEADER = YES;
				CLANG_WARN_RANGE_LOOP_ANALYSIS = YES;
				CLANG_WARN_STRICT_PROTOTYPES = YES;
				CLANG_WARN_SUSPICIOUS_MOVE = YES;
				CLANG_WARN_UNGUARDED_AVAILABILITY = YES_AGGRESSIVE;
				CLANG_WARN_UNREACHABLE_CODE = YES;
				CLANG_WARN__DUPLICATE_METHOD_MATCH = YES;
				COPY_PHASE_STRIP = NO;
				DEBUG_INFORMATION_FORMAT = "dwarf-with-dsym";
				ENABLE_NS_ASSERTIONS = NO;
				ENABLE_STRICT_OBJC_MSGSEND = YES;
				ENABLE_USER_SCRIPT_SANDBOXING = NO;
				GCC_C_LANGUAGE_STANDARD = gnu17;
				GCC_NO_COMMON_BLOCKS = YES;
				GCC_WARN_64_TO_32_BIT_CONVERSION = YES;
				GCC_WARN_ABOUT_RETURN_TYPE = YES_ERROR;
				GCC_WARN_UNDECLARED_SELECTOR = YES;
				GCC_WARN_UNINITIALIZED_AUTOS = YES_AGGRESSIVE;
				GCC_WARN_UNUSED_FUNCTION = YES;
				GCC_WARN_UNUSED_VARIABLE = YES;
				IPHONEOS_DEPLOYMENT_TARGET = 17.0;
				LOCALIZATION_PREFERS_STRING_CATALOGS = YES;
				MTL_ENABLE_DEBUG_INFO = NO;
				MTL_FAST_MATH = YES;
				SDKROOT = iphoneos;
				SWIFT_COMPILATION_MODE = wholemodule;
				VALIDATE_PRODUCT = YES;
			};
			name = Release;
		};
		22B7D0DB2B3F06980055B57B /* Debug */ = {
			isa = XCBuildConfiguration;
			baseConfigurationReference = 5B2B669CC92E2F76E54384BC /* Pods-Demo.debug.xcconfig */;
			buildSettings = {
				ASSETCATALOG_COMPILER_APPICON_NAME = AppIcon;
				ASSETCATALOG_COMPILER_GLOBAL_ACCENT_COLOR_NAME = AccentColor;
				CODE_SIGN_STYLE = Automatic;
				CURRENT_PROJECT_VERSION = 1;
				GENERATE_INFOPLIST_FILE = YES;
				INFOPLIST_FILE = Demo/Info.plist;
				INFOPLIST_KEY_UIApplicationSupportsIndirectInputEvents = YES;
				INFOPLIST_KEY_UILaunchStoryboardName = LaunchScreen;
				INFOPLIST_KEY_UIMainStoryboardFile = Main;
				INFOPLIST_KEY_UISupportedInterfaceOrientations = UIInterfaceOrientationPortrait;
				LD_RUNPATH_SEARCH_PATHS = (
					"$(inherited)",
					"@executable_path/Frameworks",
				);
				MARKETING_VERSION = 1.0;
				PRODUCT_BUNDLE_IDENTIFIER = com.Demo.test.Demo;
				PRODUCT_NAME = "$(TARGET_NAME)";
				SUPPORTED_PLATFORMS = "iphoneos iphonesimulator";
				SUPPORTS_MACCATALYST = NO;
				SUPPORTS_MAC_DESIGNED_FOR_IPHONE_IPAD = NO;
				SWIFT_EMIT_LOC_STRINGS = YES;
				SWIFT_VERSION = 5.0;
				TARGETED_DEVICE_FAMILY = 1;
			};
			name = Debug;
		};
		22B7D0DC2B3F06980055B57B /* Release */ = {
			isa = XCBuildConfiguration;
			baseConfigurationReference = 679B8BA650660CDA8DC5F85A /* Pods-Demo.release.xcconfig */;
			buildSettings = {
				ASSETCATALOG_COMPILER_APPICON_NAME = AppIcon;
				ASSETCATALOG_COMPILER_GLOBAL_ACCENT_COLOR_NAME = AccentColor;
				CODE_SIGN_STYLE = Automatic;
				CURRENT_PROJECT_VERSION = 1;
				GENERATE_INFOPLIST_FILE = YES;
				INFOPLIST_FILE = Demo/Info.plist;
				INFOPLIST_KEY_UIApplicationSupportsIndirectInputEvents = YES;
				INFOPLIST_KEY_UILaunchStoryboardName = LaunchScreen;
				INFOPLIST_KEY_UIMainStoryboardFile = Main;
				INFOPLIST_KEY_UISupportedInterfaceOrientations = UIInterfaceOrientationPortrait;
				LD_RUNPATH_SEARCH_PATHS = (
					"$(inherited)",
					"@executable_path/Frameworks",
				);
				MARKETING_VERSION = 1.0;
				PRODUCT_BUNDLE_IDENTIFIER = com.Demo.test.Demo;
				PRODUCT_NAME = "$(TARGET_NAME)";
				SUPPORTED_PLATFORMS = "iphoneos iphonesimulator";
				SUPPORTS_MACCATALYST = NO;
				SUPPORTS_MAC_DESIGNED_FOR_IPHONE_IPAD = NO;
				SWIFT_EMIT_LOC_STRINGS = YES;
				SWIFT_VERSION = 5.0;
				TARGETED_DEVICE_FAMILY = 1;
			};
			name = Release;
		};
/* End XCBuildConfiguration section */

/* Begin XCConfigurationList section */
		22B7D0C12B3F06960055B57B /* Build configuration list for PBXProject "Demo" */ = {
			isa = XCConfigurationList;
			buildConfigurations = (
				22B7D0D82B3F06980055B57B /* Debug */,
				22B7D0D92B3F06980055B57B /* Release */,
			);
			defaultConfigurationIsVisible = 0;
			defaultConfigurationName = Release;
		};
		22B7D0DA2B3F06980055B57B /* Build configuration list for PBXNativeTarget "Demo" */ = {
			isa = XCConfigurationList;
			buildConfigurations = (
				22B7D0DB2B3F06980055B57B /* Debug */,
				22B7D0DC2B3F06980055B57B /* Release */,
			);
			defaultConfigurationIsVisible = 0;
			defaultConfigurationName = Release;
		};
/* End XCConfigurationList section */
	};
	rootObject = 22B7D0BE2B3F06960055B57B /* Project object */;
}
